<?xml version="1.0" encoding="utf-8"?>
<Project xmlns="http://schemas.microsoft.com/developer/msbuild/2003">
  <ItemGroup>
    <Filter Include="Generated Files">
      <UniqueIdentifier>{71ED8ED8-ACB9-4CE9-BBE1-E00B30144E11}</UniqueIdentifier>
      <Extensions>cpp;c;cxx;moc;h;def;odl;idl;res;</Extensions>
    </Filter>
    <Filter Include="Generated Files">
      <UniqueIdentifier>{71ED8ED8-ACB9-4CE9-BBE1-E00B30144E11}</UniqueIdentifier>
      <Extensions>cpp;c;cxx;moc;h;def;odl;idl;res;</Extensions>
    </Filter>
    <Filter Include="Header Files">
      <UniqueIdentifier>{93995380-89BD-4b04-88EB-625FBE52EBFB}</UniqueIdentifier>
      <Extensions>h;hpp;hxx;hm;inl;inc;xsd</Extensions>
    </Filter>
    <Filter Include="Header Files">
      <UniqueIdentifier>{93995380-89BD-4b04-88EB-625FBE52EBFB}</UniqueIdentifier>
      <Extensions>h;hpp;hxx;hm;inl;inc;xsd</Extensions>
    </Filter>
    <Filter Include="Source Files">
      <UniqueIdentifier>{4FC737F1-C7A5-4376-A066-2A32D752A2FF}</UniqueIdentifier>
      <Extensions>cpp;c;cxx;def;odl;idl;hpj;bat;asm;asmx</Extensions>
    </Filter>
    <Filter Include="Source Files">
      <UniqueIdentifier>{4FC737F1-C7A5-4376-A066-2A32D752A2FF}</UniqueIdentifier>
      <Extensions>cpp;c;cxx;def;odl;idl;hpj;bat;asm;asmx</Extensions>
    </Filter>
  </ItemGroup>
  <ItemGroup>
    <ClCompile Include="logging\dualfilelogger.cpp">
      <Filter>Source Files</Filter>
    </ClCompile>
    <ClCompile Include="logging\filelogger.cpp">
      <Filter>Source Files</Filter>
    </ClCompile>
    <ClCompile Include="src\controller\getdepartcontroller.cpp">
      <Filter>Source Files</Filter>
    </ClCompile>
    <ClCompile Include="httpserver\httpconnectionhandler.cpp">
      <Filter>Source Files</Filter>
    </ClCompile>
    <ClCompile Include="httpserver\httpconnectionhandlerpool.cpp">
      <Filter>Source Files</Filter>
    </ClCompile>
    <ClCompile Include="httpserver\httpcookie.cpp">
      <Filter>Source Files</Filter>
    </ClCompile>
    <ClCompile Include="httpserver\httpglobal.cpp">
      <Filter>Source Files</Filter>
    </ClCompile>
    <ClCompile Include="httpserver\httplistener.cpp">
      <Filter>Source Files</Filter>
    </ClCompile>
    <ClCompile Include="httpserver\httprequest.cpp">
      <Filter>Source Files</Filter>
    </ClCompile>
    <ClCompile Include="httpserver\httprequesthandler.cpp">
      <Filter>Source Files</Filter>
    </ClCompile>
    <ClCompile Include="httpserver\httpresponse.cpp">
      <Filter>Source Files</Filter>
    </ClCompile>
    <ClCompile Include="httpserver\httpsession.cpp">
      <Filter>Source Files</Filter>
    </ClCompile>
    <ClCompile Include="httpserver\httpsessionstore.cpp">
      <Filter>Source Files</Filter>
    </ClCompile>
    <ClCompile Include="logging\logger.cpp">
      <Filter>Source Files</Filter>
    </ClCompile>
    <ClCompile Include="logging\logmessage.cpp">
      <Filter>Source Files</Filter>
    </ClCompile>
    <ClCompile Include="src\main.cpp">
      <Filter>Source Files</Filter>
    </ClCompile>
    <ClCompile Include="src\requestmapper.cpp">
      <Filter>Source Files</Filter>
    </ClCompile>
    <ClCompile Include="src\controller\setcontroller.cpp">
      <Filter>Source Files</Filter>
    </ClCompile>
    <ClCompile Include="httpserver\staticfilecontroller.cpp">
      <Filter>Source Files</Filter>
    </ClCompile>
    <ClCompile Include="datadeal\systemconfig.cpp">
      <Filter>Source Files</Filter>
    </ClCompile>
    <ClCompile Include="templateengine\template.cpp">
      <Filter>Source Files</Filter>
    </ClCompile>
    <ClCompile Include="templateengine\templatecache.cpp">
      <Filter>Source Files</Filter>
    </ClCompile>
    <ClCompile Include="templateengine\templateloader.cpp">
      <Filter>Source Files</Filter>
    </ClCompile>
    <ClCompile Include="datadeal\hikdatarequest.cpp">
      <Filter>Source Files</Filter>
    </ClCompile>
    <ClCompile Include="src\controller\RealTimeDepartDetailData.cpp">
      <Filter>Source Files</Filter>
    </ClCompile>
    <ClCompile Include="src\controller\HistoryDepartData.cpp">
      <Filter>Source Files</Filter>
    </ClCompile>
    <ClCompile Include="src\controller\HistoryDepartDetailData.cpp">
      <Filter>Source Files</Filter>
    </ClCompile>
    <ClCompile Include="src\controller\httpcallBackController.cpp">
      <Filter>Source Files</Filter>
    </ClCompile>
    <ClCompile Include="src\controller\RealtimePrsNumberController.cpp">
      <Filter>Source Files</Filter>
    </ClCompile>
    <ClCompile Include="src\controller\RealtimeDepartData.cpp">
      <Filter>Source Files</Filter>
    </ClCompile>
    <ClCompile Include="datadeal\timercontracller.cpp">
      <Filter>Source Files</Filter>
    </ClCompile>
    <ClCompile Include="DataStore.cpp">
      <Filter>Generated Files</Filter>
    </ClCompile>
  </ItemGroup>
  <ItemGroup>
    <QtMoc Include="logging\dualfilelogger.h">
      <Filter>Header Files</Filter>
    </QtMoc>
    <QtMoc Include="logging\filelogger.h">
      <Filter>Header Files</Filter>
    </QtMoc>
    <QtMoc Include="src\controller\getdepartcontroller.h">
      <Filter>Header Files</Filter>
    </QtMoc>
    <QtMoc Include="httpserver\httpconnectionhandler.h">
      <Filter>Header Files</Filter>
    </QtMoc>
    <QtMoc Include="httpserver\httpconnectionhandlerpool.h">
      <Filter>Header Files</Filter>
    </QtMoc>
    <ClInclude Include="httpserver\httpcookie.h">
      <Filter>Header Files</Filter>
    </ClInclude>
    <ClInclude Include="httpserver\httpglobal.h">
      <Filter>Header Files</Filter>
    </ClInclude>
    <QtMoc Include="httpserver\httplistener.h">
      <Filter>Header Files</Filter>
    </QtMoc>
    <ClInclude Include="httpserver\httprequest.h">
      <Filter>Header Files</Filter>
    </ClInclude>
    <QtMoc Include="httpserver\httprequesthandler.h">
      <Filter>Header Files</Filter>
    </QtMoc>
    <ClInclude Include="httpserver\httpresponse.h">
      <Filter>Header Files</Filter>
    </ClInclude>
    <ClInclude Include="httpserver\httpsession.h">
      <Filter>Header Files</Filter>
    </ClInclude>
    <QtMoc Include="httpserver\httpsessionstore.h">
      <Filter>Header Files</Filter>
    </QtMoc>
    <QtMoc Include="logging\logger.h">
      <Filter>Header Files</Filter>
    </QtMoc>
    <ClInclude Include="logging\logglobal.h">
      <Filter>Header Files</Filter>
    </ClInclude>
    <ClInclude Include="logging\logmessage.h">
      <Filter>Header Files</Filter>
    </ClInclude>
    <QtMoc Include="src\requestmapper.h">
      <Filter>Header Files</Filter>
    </QtMoc>
    <QtMoc Include="src\controller\setcontroller.h">
      <Filter>Header Files</Filter>
    </QtMoc>
    <QtMoc Include="httpserver\staticfilecontroller.h">
      <Filter>Header Files</Filter>
    </QtMoc>
    <ClInclude Include="datadeal\systemconfig.h">
      <Filter>Header Files</Filter>
    </ClInclude>
    <ClInclude Include="templateengine\template.h">
      <Filter>Header Files</Filter>
    </ClInclude>
    <QtMoc Include="templateengine\templatecache.h">
      <Filter>Header Files</Filter>
    </QtMoc>
    <ClInclude Include="templateengine\templateglobal.h">
      <Filter>Header Files</Filter>
    </ClInclude>
    <QtMoc Include="templateengine\templateloader.h">
      <Filter>Header Files</Filter>
    </QtMoc>
    <QtMoc Include="src\controller\httpcallBackController.h">
      <Filter>Header Files</Filter>
    </QtMoc>
    <QtMoc Include="datadeal\hikdatarequest.h">
      <Filter>Header Files</Filter>
    </QtMoc>
    <QtMoc Include="src\controller\RealtimePrsNumberController.h">
      <Filter>Header Files</Filter>
    </QtMoc>
    <QtMoc Include="src\controller\RealtimeDepartData.h">
      <Filter>Header Files</Filter>
    </QtMoc>
    <QtMoc Include="datadeal\timercontracller.h">
      <Filter>Header Files</Filter>
    </QtMoc>
  </ItemGroup>
  <ItemGroup>
    <CustomBuild Include="debug\moc_predefs.h.cbt">
      <Filter>Generated Files</Filter>
    </CustomBuild>
    <CustomBuild Include="release\moc_predefs.h.cbt">
      <Filter>Generated Files</Filter>
    </CustomBuild>
  </ItemGroup>
  <ItemGroup>
    <QtMoc Include="src\controller\RealTimeDepartDetailData.h">
      <Filter>Header Files</Filter>
    </QtMoc>
    <QtMoc Include="src\controller\HistoryDepartData.h">
      <Filter>Header Files</Filter>
    </QtMoc>
    <QtMoc Include="src\controller\HistoryDepartDetailData.h">
      <Filter>Header Files</Filter>
    </QtMoc>
  </ItemGroup>
  <ItemGroup>
    <None Include="cpp.hint" />
  </ItemGroup>
  <ItemGroup>
    <ClInclude Include="GloableLocker.h">
      <Filter>Header Files</Filter>
    </ClInclude>
    <ClInclude Include="DataStore.h">
      <Filter>Generated Files</Filter>
    </ClInclude>
  </ItemGroup>
</Project>